dependencies:
- name: cert-manager
  repository: https://charts.jetstack.io
  version: v1.12.0
- name: k8ssandra-operator
  repository: https://helm.k8ssandra.io/stable
  version: 1.6.1
- name: kube-prometheus-stack
  repository: https://prometheus-community.github.io/helm-charts
  version: 47.0.0
- name: ingress-nginx
  repository: https://kubernetes.github.io/ingress-nginx
  version: 4.7.0
- name: keda
  repository: https://kedacore.github.io/charts
  version: 2.11.0
- name: eck-operator
  repository: https://helm.elastic.co
  version: 2.8.0
- name: eck-operator-crds
  repository: https://helm.elastic.co
  version: 2.8.0
- name: opentelemetry-collector
  repository: https://open-telemetry.github.io/opentelemetry-helm-charts
  version: 0.57.0
- name: rabbitmq-cluster-operator
  repository: https://charts.bitnami.com/bitnami
  version: 3.4.2
digest: sha256:89739ddb80bb10c355664428f96b70729f5f4b29f8bfada22f73c6628e03c27b
generated: "2023-07-05T23:04:58.233216456+02:00"
